
Microsoft Visual Studio Solution File, Format Version 12.00
# Visual Studio Version 16
VisualStudioVersion = 16.0.31410.357
MinimumVisualStudioVersion = 10.0.40219.1
Project("{FAE04EC0-301F-11D3-BF4B-00C04F79EFBC}") = "Imran_1264705", "Imran_1264705.csproj", "{E20B2B2F-AB10-4460-A30D-19783444BB75}"
EndProject
Global
	GlobalSection(SolutionConfigurationPlatforms) = preSolution
		Debug|Any CPU = Debug|Any CPU
		Release|Any CPU = Release|Any CPU
	EndGlobalSection
	GlobalSection(ProjectConfigurationPlatforms) = postSolution
		{E20B2B2F-AB10-4460-A30D-19783444BB75}.Debug|Any CPU.ActiveCfg = Debug|Any CPU
		{E20B2B2F-AB10-4460-A30D-19783444BB75}.Debug|Any CPU.Build.0 = Debug|Any CPU
		{E20B2B2F-AB10-4460-A30D-19783444BB75}.Release|Any CPU.ActiveCfg = Release|Any CPU
		{E20B2B2F-AB10-4460-A30D-19783444BB75}.Release|Any CPU.Build.0 = Release|Any CPU
	EndGlobalSection
	GlobalSection(SolutionProperties) = preSolution
		HideSolutionNode = FALSE
	EndGlobalSection
	GlobalSection(ExtensibilityGlobals) = postSolution
		SolutionGuid = {646C5DEC-25A5-4F77-B48F-A2CC23B29318}
	EndGlobalSection
EndGlobal
